
Microsoft Visual Studio Solution File, Format Version 12.00
# Visual Studio Version 17
VisualStudioVersion = 17.6.33829.357
MinimumVisualStudioVersion = 10.0.40219.1
Project("{9A19103F-16F7-4668-BE54-9A1E7A4F7556}") = "kolb-learning-style", "kolb-learning-style\kolb-learning-style.csproj", "{961FE635-309E-4D56-BED2-BE9B71FFEB8A}"
EndProject
Project("{FAE04EC0-301F-11D3-BF4B-00C04F79EFBC}") = "KolbLearningStyleUnitTests", "KolbLearningStyleUnitTests\KolbLearningStyleUnitTests.csproj", "{0EA9E58C-2BF4-4653-9C07-2AD4798D1A2E}"
	ProjectSection(ProjectDependencies) = postProject
		{961FE635-309E-4D56-BED2-BE9B71FFEB8A} = {961FE635-309E-4D56-BED2-BE9B71FFEB8A}
	EndProjectSection
EndProject
Global
	GlobalSection(SolutionConfigurationPlatforms) = preSolution
		Debug|Any CPU = Debug|Any CPU
		Release|Any CPU = Release|Any CPU
	EndGlobalSection
	GlobalSection(ProjectConfigurationPlatforms) = postSolution
		{961FE635-309E-4D56-BED2-BE9B71FFEB8A}.Debug|Any CPU.ActiveCfg = Debug|Any CPU
		{961FE635-309E-4D56-BED2-BE9B71FFEB8A}.Debug|Any CPU.Build.0 = Debug|Any CPU
		{961FE635-309E-4D56-BED2-BE9B71FFEB8A}.Release|Any CPU.ActiveCfg = Release|Any CPU
		{961FE635-309E-4D56-BED2-BE9B71FFEB8A}.Release|Any CPU.Build.0 = Release|Any CPU
		{0EA9E58C-2BF4-4653-9C07-2AD4798D1A2E}.Debug|Any CPU.ActiveCfg = Debug|Any CPU
		{0EA9E58C-2BF4-4653-9C07-2AD4798D1A2E}.Debug|Any CPU.Build.0 = Debug|Any CPU
		{0EA9E58C-2BF4-4653-9C07-2AD4798D1A2E}.Release|Any CPU.ActiveCfg = Release|Any CPU
		{0EA9E58C-2BF4-4653-9C07-2AD4798D1A2E}.Release|Any CPU.Build.0 = Release|Any CPU
	EndGlobalSection
	GlobalSection(SolutionProperties) = preSolution
		HideSolutionNode = FALSE
	EndGlobalSection
	GlobalSection(ExtensibilityGlobals) = postSolution
		SolutionGuid = {32F7F96E-12BE-4DE1-ACF4-93939CBCE3DC}
	EndGlobalSection
EndGlobal
